
Microsoft Visual Studio Solution File, Format Version 12.00
# Visual Studio 2013
VisualStudioVersion = 12.0.30501.0
MinimumVisualStudioVersion = 10.0.40219.1
Project("{FAE04EC0-301F-11D3-BF4B-00C04F79EFBC}") = "ClientNode", "ClientNode\ClientNode.csproj", "{4E991D01-0D35-45EE-B06A-384873E32A01}"
EndProject
Project("{FAE04EC0-301F-11D3-BF4B-00C04F79EFBC}") = "NetworkNode", "NetworkNode\NetworkNode.csproj", "{FD654DA5-CE7D-4132-BB46-256320F0B060}"
EndProject
Project("{FAE04EC0-301F-11D3-BF4B-00C04F79EFBC}") = "NetworkManager", "NetworkManager\NetworkManager.csproj", "{630C2D50-B4CC-4410-B689-64A7077BE705}"
EndProject
Project("{FAE04EC0-301F-11D3-BF4B-00C04F79EFBC}") = "Cloud", "Cloud\Cloud.csproj", "{A0089FDC-CC82-43B6-A21A-D480A4E9DB18}"
EndProject
Global
	GlobalSection(SolutionConfigurationPlatforms) = preSolution
		Debug|Any CPU = Debug|Any CPU
		Release|Any CPU = Release|Any CPU
	EndGlobalSection
	GlobalSection(ProjectConfigurationPlatforms) = postSolution
		{4E991D01-0D35-45EE-B06A-384873E32A01}.Debug|Any CPU.ActiveCfg = Debug|Any CPU
		{4E991D01-0D35-45EE-B06A-384873E32A01}.Debug|Any CPU.Build.0 = Debug|Any CPU
		{4E991D01-0D35-45EE-B06A-384873E32A01}.Release|Any CPU.ActiveCfg = Release|Any CPU
		{4E991D01-0D35-45EE-B06A-384873E32A01}.Release|Any CPU.Build.0 = Release|Any CPU
		{FD654DA5-CE7D-4132-BB46-256320F0B060}.Debug|Any CPU.ActiveCfg = Debug|Any CPU
		{FD654DA5-CE7D-4132-BB46-256320F0B060}.Debug|Any CPU.Build.0 = Debug|Any CPU
		{FD654DA5-CE7D-4132-BB46-256320F0B060}.Release|Any CPU.ActiveCfg = Release|Any CPU
		{FD654DA5-CE7D-4132-BB46-256320F0B060}.Release|Any CPU.Build.0 = Release|Any CPU
		{630C2D50-B4CC-4410-B689-64A7077BE705}.Debug|Any CPU.ActiveCfg = Debug|Any CPU
		{630C2D50-B4CC-4410-B689-64A7077BE705}.Debug|Any CPU.Build.0 = Debug|Any CPU
		{630C2D50-B4CC-4410-B689-64A7077BE705}.Release|Any CPU.ActiveCfg = Release|Any CPU
		{630C2D50-B4CC-4410-B689-64A7077BE705}.Release|Any CPU.Build.0 = Release|Any CPU
		{A0089FDC-CC82-43B6-A21A-D480A4E9DB18}.Debug|Any CPU.ActiveCfg = Debug|Any CPU
		{A0089FDC-CC82-43B6-A21A-D480A4E9DB18}.Debug|Any CPU.Build.0 = Debug|Any CPU
		{A0089FDC-CC82-43B6-A21A-D480A4E9DB18}.Release|Any CPU.ActiveCfg = Release|Any CPU
		{A0089FDC-CC82-43B6-A21A-D480A4E9DB18}.Release|Any CPU.Build.0 = Release|Any CPU
	EndGlobalSection
	GlobalSection(SolutionProperties) = preSolution
		HideSolutionNode = FALSE
	EndGlobalSection
EndGlobal
